// !$*UTF8*$!
{
	archiveVersion = 1;
	classes = {
	};
	objectVersion = 55;
	objects = {

/* Begin PBXBuildFile section */
		18DC20FE2BA1B2B30053DB76 /* AppDelegate.swift in Sources */ = {isa = PBXBuildFile; fileRef = 18DC20FD2BA1B2B30053DB76 /* AppDelegate.swift */; };
		18DC21002BA1B2B30053DB76 /* SceneDelegate.swift in Sources */ = {isa = PBXBuildFile; fileRef = 18DC20FF2BA1B2B30053DB76 /* SceneDelegate.swift */; };
		18DC21022BA1B2B30053DB76 /* ViewController.swift in Sources */ = {isa = PBXBuildFile; fileRef = 18DC21012BA1B2B30053DB76 /* ViewController.swift */; };
		18DC21052BA1B2B30053DB76 /* Main.storyboard in Resources */ = {isa = PBXBuildFile; fileRef = 18DC21032BA1B2B30053DB76 /* Main.storyboard */; };
		18DC21072BA1B2B70053DB76 /* Assets.xcassets in Resources */ = {isa = PBXBuildFile; fileRef = 18DC21062BA1B2B70053DB76 /* Assets.xcassets */; };
		18DC210A2BA1B2B70053DB76 /* LaunchScreen.storyboard in Resources */ = {isa = PBXBuildFile; fileRef = 18DC21082BA1B2B70053DB76 /* LaunchScreen.storyboard */; };
		18DC21132BA1F6C10053DB76 /* myCollectionViewCell.swift in Sources */ = {isa = PBXBuildFile; fileRef = 18DC21112BA1F6C10053DB76 /* myCollectionViewCell.swift */; };
		18DC21142BA1F6C10053DB76 /* myCollectionViewCell.xib in Resources */ = {isa = PBXBuildFile; fileRef = 18DC21122BA1F6C10053DB76 /* myCollectionViewCell.xib */; };
		18DC21162BA1FB510053DB76 /* HeaderCollectionReusableView.swift in Sources */ = {isa = PBXBuildFile; fileRef = 18DC21152BA1FB510053DB76 /* HeaderCollectionReusableView.swift */; };
/* End PBXBuildFile section */

/* Begin PBXFileReference section */
		18DC20FA2BA1B2B30053DB76 /* header and footer.app */ = {isa = PBXFileReference; explicitFileType = wrapper.application; includeInIndex = 0; path = "header and footer.app"; sourceTree = BUILT_PRODUCTS_DIR; };
		18DC20FD2BA1B2B30053DB76 /* AppDelegate.swift */ = {isa = PBXFileReference; lastKnownFileType = sourcecode.swift; path = AppDelegate.swift; sourceTree = "<group>"; };
		18DC20FF2BA1B2B30053DB76 /* SceneDelegate.swift */ = {isa = PBXFileReference; lastKnownFileType = sourcecode.swift; path = SceneDelegate.swift; sourceTree = "<group>"; };
		18DC21012BA1B2B30053DB76 /* ViewController.swift */ = {isa = PBXFileReference; lastKnownFileType = sourcecode.swift; path = ViewController.swift; sourceTree = "<group>"; };
		18DC21042BA1B2B30053DB76 /* Base */ = {isa = PBXFileReference; lastKnownFileType = file.storyboard; name = Base; path = Base.lproj/Main.storyboard; sourceTree = "<group>"; };
		18DC21062BA1B2B70053DB76 /* Assets.xcassets */ = {isa = PBXFileReference; lastKnownFileType = folder.assetcatalog; path = Assets.xcassets; sourceTree = "<group>"; };
		18DC21092BA1B2B70053DB76 /* Base */ = {isa = PBXFileReference; lastKnownFileType = file.storyboard; name = Base; path = Base.lproj/LaunchScreen.storyboard; sourceTree = "<group>"; };
		18DC210B2BA1B2B70053DB76 /* Info.plist */ = {isa = PBXFileReference; lastKnownFileType = text.plist.xml; path = Info.plist; sourceTree = "<group>"; };
		18DC21112BA1F6C10053DB76 /* myCollectionViewCell.swift */ = {isa = PBXFileReference; lastKnownFileType = sourcecode.swift; path = myCollectionViewCell.swift; sourceTree = "<group>"; };
		18DC21122BA1F6C10053DB76 /* myCollectionViewCell.xib */ = {isa = PBXFileReference; lastKnownFileType = file.xib; path = myCollectionViewCell.xib; sourceTree = "<group>"; };
		18DC21152BA1FB510053DB76 /* HeaderCollectionReusableView.swift */ = {isa = PBXFileReference; lastKnownFileType = sourcecode.swift; path = HeaderCollectionReusableView.swift; sourceTree = "<group>"; };
/* End PBXFileReference section */

/* Begin PBXFrameworksBuildPhase section */
		18DC20F72BA1B2B30053DB76 /* Frameworks */ = {
			isa = PBXFrameworksBuildPhase;
			buildActionMask = 2147483647;
			files = (
			);
			runOnlyForDeploymentPostprocessing = 0;
		};
/* End PBXFrameworksBuildPhase section */

/* Begin PBXGroup section */
		18DC20F12BA1B2B30053DB76 = {
			isa = PBXGroup;
			children = (
				18DC20FC2BA1B2B30053DB76 /* header and footer */,
				18DC20FB2BA1B2B30053DB76 /* Products */,
			);
			sourceTree = "<group>";
		};
		18DC20FB2BA1B2B30053DB76 /* Products */ = {
			isa = PBXGroup;
			children = (
				18DC20FA2BA1B2B30053DB76 /* header and footer.app */,
			);
			name = Products;
			sourceTree = "<group>";
		};
		18DC20FC2BA1B2B30053DB76 /* header and footer */ = {
			isa = PBXGroup;
			children = (
				18DC20FD2BA1B2B30053DB76 /* AppDelegate.swift */,
				18DC20FF2BA1B2B30053DB76 /* SceneDelegate.swift */,
				18DC21012BA1B2B30053DB76 /* ViewController.swift */,
				18DC21032BA1B2B30053DB76 /* Main.storyboard */,
				18DC21152BA1FB510053DB76 /* HeaderCollectionReusableView.swift */,
				18DC21062BA1B2B70053DB76 /* Assets.xcassets */,
				18DC21082BA1B2B70053DB76 /* LaunchScreen.storyboard */,
				18DC210B2BA1B2B70053DB76 /* Info.plist */,
				18DC21112BA1F6C10053DB76 /* myCollectionViewCell.swift */,
				18DC21122BA1F6C10053DB76 /* myCollectionViewCell.xib */,
			);
			path = "header and footer";
			sourceTree = "<group>";
		};
/* End PBXGroup section */

/* Begin PBXNativeTarget section */
		18DC20F92BA1B2B30053DB76 /* header and footer */ = {
			isa = PBXNativeTarget;
			buildConfigurationList = 18DC210E2BA1B2B70053DB76 /* Build configuration list for PBXNativeTarget "header and footer" */;
			buildPhases = (
				18DC20F62BA1B2B30053DB76 /* Sources */,
				18DC20F72BA1B2B30053DB76 /* Frameworks */,
				18DC20F82BA1B2B30053DB76 /* Resources */,
			);
			buildRules = (
			);
			dependencies = (
			);
			name = "header and footer";
			productName = "header and footer";
			productReference = 18DC20FA2BA1B2B30053DB76 /* header and footer.app */;
			productType = "com.apple.product-type.application";
		};
/* End PBXNativeTarget section */

/* Begin PBXProject section */
		18DC20F22BA1B2B30053DB76 /* Project object */ = {
			isa = PBXProject;
			attributes = {
				BuildIndependentTargetsInParallel = 1;
				LastSwiftUpdateCheck = 1340;
				LastUpgradeCheck = 1340;
				TargetAttributes = {
					18DC20F92BA1B2B30053DB76 = {
						CreatedOnToolsVersion = 13.4.1;
					};
				};
			};
			buildConfigurationList = 18DC20F52BA1B2B30053DB76 /* Build configuration list for PBXProject "header and footer" */;
			compatibilityVersion = "Xcode 13.0";
			developmentRegion = en;
			hasScannedForEncodings = 0;
			knownRegions = (
				en,
				Base,
			);
			mainGroup = 18DC20F12BA1B2B30053DB76;
			productRefGroup = 18DC20FB2BA1B2B30053DB76 /* Products */;
			projectDirPath = "";
			projectRoot = "";
			targets = (
				18DC20F92BA1B2B30053DB76 /* header and footer */,
			);
		};
/* End PBXProject section */

/* Begin PBXResourcesBuildPhase section */
		18DC20F82BA1B2B30053DB76 /* Resources */ = {
			isa = PBXResourcesBuildPhase;
			buildActionMask = 2147483647;
			files = (
				18DC210A2BA1B2B70053DB76 /* LaunchScreen.storyboard in Resources */,
				18DC21072BA1B2B70053DB76 /* Assets.xcassets in Resources */,
				18DC21142BA1F6C10053DB76 /* myCollectionViewCell.xib in Resources */,
				18DC21052BA1B2B30053DB76 /* Main.storyboard in Resources */,
			);
			runOnlyForDeploymentPostprocessing = 0;
		};
/* End PBXResourcesBuildPhase section */

/* Begin PBXSourcesBuildPhase section */
		18DC20F62BA1B2B30053DB76 /* Sources */ = {
			isa = PBXSourcesBuildPhase;
			buildActionMask = 2147483647;
			files = (
				18DC21022BA1B2B30053DB76 /* ViewController.swift in Sources */,
				18DC20FE2BA1B2B30053DB76 /* AppDelegate.swift in Sources */,
				18DC21132BA1F6C10053DB76 /* myCollectionViewCell.swift in Sources */,
				18DC21162BA1FB510053DB76 /* HeaderCollectionReusableView.swift in Sources */,
				18DC21002BA1B2B30053DB76 /* SceneDelegate.swift in Sources */,
			);
			runOnlyForDeploymentPostprocessing = 0;
		};
/* End PBXSourcesBuildPhase section */

/* Begin PBXVariantGroup section */
		18DC21032BA1B2B30053DB76 /* Main.storyboard */ = {
			isa = PBXVariantGroup;
			children = (
				18DC21042BA1B2B30053DB76 /* Base */,
			);
			name = Main.storyboard;
			sourceTree = "<group>";
		};
		18DC21082BA1B2B70053DB76 /* LaunchScreen.storyboard */ = {
			isa = PBXVariantGroup;
			children = (
				18DC21092BA1B2B70053DB76 /* Base */,
			);
			name = LaunchScreen.storyboard;
			sourceTree = "<group>";
		};
/* End PBXVariantGroup section */

/* Begin XCBuildConfiguration section */
		18DC210C2BA1B2B70053DB76 /* Debug */ = {
			isa = XCBuildConfiguration;
			buildSettings = {
				ALWAYS_SEARCH_USER_PATHS = NO;
				CLANG_ANALYZER_NONNULL = YES;
				CLANG_ANALYZER_NUMBER_OBJECT_CONVERSION = YES_AGGRESSIVE;
				CLANG_CXX_LANGUAGE_STANDARD = "gnu++17";
				CLANG_ENABLE_MODULES = YES;
				CLANG_ENABLE_OBJC_ARC = YES;
				CLANG_ENABLE_OBJC_WEAK = YES;
				CLANG_WARN_BLOCK_CAPTURE_AUTORELEASING = YES;
				CLANG_WARN_BOOL_CONVERSION = YES;
				CLANG_WARN_COMMA = YES;
				CLANG_WARN_CONSTANT_CONVERSION = YES;
				CLANG_WARN_DEPRECATED_OBJC_IMPLEMENTATIONS = YES;
				CLANG_WARN_DIRECT_OBJC_ISA_USAGE = YES_ERROR;
				CLANG_WARN_DOCUMENTATION_COMMENTS = YES;
				CLANG_WARN_EMPTY_BODY = YES;
				CLANG_WARN_ENUM_CONVERSION = YES;
				CLANG_WARN_INFINITE_RECURSION = YES;
				CLANG_WARN_INT_CONVERSION = YES;
				CLANG_WARN_NON_LITERAL_NULL_CONVERSION = YES;
				CLANG_WARN_OBJC_IMPLICIT_RETAIN_SELF = YES;
				CLANG_WARN_OBJC_LITERAL_CONVERSION = YES;
				CLANG_WARN_OBJC_ROOT_CLASS = YES_ERROR;
				CLANG_WARN_QUOTED_INCLUDE_IN_FRAMEWORK_HEADER = YES;
				CLANG_WARN_RANGE_LOOP_ANALYSIS = YES;
				CLANG_WARN_STRICT_PROTOTYPES = YES;
				CLANG_WARN_SUSPICIOUS_MOVE = YES;
				CLANG_WARN_UNGUARDED_AVAILABILITY = YES_AGGRESSIVE;
				CLANG_WARN_UNREACHABLE_CODE = YES;
				CLANG_WARN__DUPLICATE_METHOD_MATCH = YES;
				COPY_PHASE_STRIP = NO;
				DEBUG_INFORMATION_FORMAT = dwarf;
				ENABLE_STRICT_OBJC_MSGSEND = YES;
				ENABLE_TESTABILITY = YES;
				GCC_C_LANGUAGE_STANDARD = gnu11;
				GCC_DYNAMIC_NO_PIC = NO;
				GCC_NO_COMMON_BLOCKS = YES;
				GCC_OPTIMIZATION_LEVEL = 0;
				GCC_PREPROCESSOR_DEFINITIONS = (
					"DEBUG=1",
					"$(inherited)",
				);
				GCC_WARN_64_TO_32_BIT_CONVERSION = YES;
				GCC_WARN_ABOUT_RETURN_TYPE = YES_ERROR;
				GCC_WARN_UNDECLARED_SELECTOR = YES;
				GCC_WARN_UNINITIALIZED_AUTOS = YES_AGGRESSIVE;
				GCC_WARN_UNUSED_FUNCTION = YES;
				GCC_WARN_UNUSED_VARIABLE = YES;
				IPHONEOS_DEPLOYMENT_TARGET = 15.5;
				MTL_ENABLE_DEBUG_INFO = INCLUDE_SOURCE;
				MTL_FAST_MATH = YES;
				ONLY_ACTIVE_ARCH = YES;
				SDKROOT = iphoneos;
				SWIFT_ACTIVE_COMPILATION_CONDITIONS = DEBUG;
				SWIFT_OPTIMIZATION_LEVEL = "-Onone";
			};
			name = Debug;
		};
		18DC210D2BA1B2B70053DB76 /* Release */ = {
			isa = XCBuildConfiguration;
			buildSettings = {
				ALWAYS_SEARCH_USER_PATHS = NO;
				CLANG_ANALYZER_NONNULL = YES;
				CLANG_ANALYZER_NUMBER_OBJECT_CONVERSION = YES_AGGRESSIVE;
				CLANG_CXX_LANGUAGE_STANDARD = "gnu++17";
				CLANG_ENABLE_MODULES = YES;
				CLANG_ENABLE_OBJC_ARC = YES;
				CLANG_ENABLE_OBJC_WEAK = YES;
				CLANG_WARN_BLOCK_CAPTURE_AUTORELEASING = YES;
				CLANG_WARN_BOOL_CONVERSION = YES;
				CLANG_WARN_COMMA = YES;
				CLANG_WARN_CONSTANT_CONVERSION = YES;
				CLANG_WARN_DEPRECATED_OBJC_IMPLEMENTATIONS = YES;
				CLANG_WARN_DIRECT_OBJC_ISA_USAGE = YES_ERROR;
				CLANG_WARN_DOCUMENTATION_COMMENTS = YES;
				CLANG_WARN_EMPTY_BODY = YES;
				CLANG_WARN_ENUM_CONVERSION = YES;
				CLANG_WARN_INFINITE_RECURSION = YES;
				CLANG_WARN_INT_CONVERSION = YES;
				CLANG_WARN_NON_LITERAL_NULL_CONVERSION = YES;
				CLANG_WARN_OBJC_IMPLICIT_RETAIN_SELF = YES;
				CLANG_WARN_OBJC_LITERAL_CONVERSION = YES;
				CLANG_WARN_OBJC_ROOT_CLASS = YES_ERROR;
				CLANG_WARN_QUOTED_INCLUDE_IN_FRAMEWORK_HEADER = YES;
				CLANG_WARN_RANGE_LOOP_ANALYSIS = YES;
				CLANG_WARN_STRICT_PROTOTYPES = YES;
				CLANG_WARN_SUSPICIOUS_MOVE = YES;
				CLANG_WARN_UNGUARDED_AVAILABILITY = YES_AGGRESSIVE;
				CLANG_WARN_UNREACHABLE_CODE = YES;
				CLANG_WARN__DUPLICATE_METHOD_MATCH = YES;
				COPY_PHASE_STRIP = NO;
				DEBUG_INFORMATION_FORMAT = "dwarf-with-dsym";
				ENABLE_NS_ASSERTIONS = NO;
				ENABLE_STRICT_OBJC_MSGSEND = YES;
				GCC_C_LANGUAGE_STANDARD = gnu11;
				GCC_NO_COMMON_BLOCKS = YES;
				GCC_WARN_64_TO_32_BIT_CONVERSION = YES;
				GCC_WARN_ABOUT_RETURN_TYPE = YES_ERROR;
				GCC_WARN_UNDECLARED_SELECTOR = YES;
				GCC_WARN_UNINITIALIZED_AUTOS = YES_AGGRESSIVE;
				GCC_WARN_UNUSED_FUNCTION = YES;
				GCC_WARN_UNUSED_VARIABLE = YES;
				IPHONEOS_DEPLOYMENT_TARGET = 15.5;
				MTL_ENABLE_DEBUG_INFO = NO;
				MTL_FAST_MATH = YES;
				SDKROOT = iphoneos;
				SWIFT_COMPILATION_MODE = wholemodule;
				SWIFT_OPTIMIZATION_LEVEL = "-O";
				VALIDATE_PRODUCT = YES;
			};
			name = Release;
		};
		18DC210F2BA1B2B70053DB76 /* Debug */ = {
			isa = XCBuildConfiguration;
			buildSettings = {
				ASSETCATALOG_COMPILER_APPICON_NAME = AppIcon;
				ASSETCATALOG_COMPILER_GLOBAL_ACCENT_COLOR_NAME = AccentColor;
				CODE_SIGN_STYLE = Automatic;
				CURRENT_PROJECT_VERSION = 1;
				DEVELOPMENT_TEAM = Y7949476L7;
				GENERATE_INFOPLIST_FILE = YES;
				INFOPLIST_FILE = "header and footer/Info.plist";
				INFOPLIST_KEY_UIApplicationSupportsIndirectInputEvents = YES;
				INFOPLIST_KEY_UILaunchStoryboardName = LaunchScreen;
				INFOPLIST_KEY_UIMainStoryboardFile = Main;
				INFOPLIST_KEY_UISupportedInterfaceOrientations_iPad = "UIInterfaceOrientationPortrait UIInterfaceOrientationPortraitUpsideDown UIInterfaceOrientationLandscapeLeft UIInterfaceOrientationLandscapeRight";
				INFOPLIST_KEY_UISupportedInterfaceOrientations_iPhone = "UIInterfaceOrientationPortrait UIInterfaceOrientationLandscapeLeft UIInterfaceOrientationLandscapeRight";
				LD_RUNPATH_SEARCH_PATHS = (
					"$(inherited)",
					"@executable_path/Frameworks",
				);
				MARKETING_VERSION = 1.0;
				PRODUCT_BUNDLE_IDENTIFIER = "sathish.header-and-footer";
				PRODUCT_NAME = "$(TARGET_NAME)";
				SWIFT_EMIT_LOC_STRINGS = YES;
				SWIFT_VERSION = 5.0;
				TARGETED_DEVICE_FAMILY = "1,2";
			};
			name = Debug;
		};
		18DC21102BA1B2B70053DB76 /* Release */ = {
			isa = XCBuildConfiguration;
			buildSettings = {
				ASSETCATALOG_COMPILER_APPICON_NAME = AppIcon;
				ASSETCATALOG_COMPILER_GLOBAL_ACCENT_COLOR_NAME = AccentColor;
				CODE_SIGN_STYLE = Automatic;
				CURRENT_PROJECT_VERSION = 1;
				DEVELOPMENT_TEAM = Y7949476L7;
				GENERATE_INFOPLIST_FILE = YES;
				INFOPLIST_FILE = "header and footer/Info.plist";
				INFOPLIST_KEY_UIApplicationSupportsIndirectInputEvents = YES;
				INFOPLIST_KEY_UILaunchStoryboardName = LaunchScreen;
				INFOPLIST_KEY_UIMainStoryboardFile = Main;
				INFOPLIST_KEY_UISupportedInterfaceOrientations_iPad = "UIInterfaceOrientationPortrait UIInterfaceOrientationPortraitUpsideDown UIInterfaceOrientationLandscapeLeft UIInterfaceOrientationLandscapeRight";
				INFOPLIST_KEY_UISupportedInterfaceOrientations_iPhone = "UIInterfaceOrientationPortrait UIInterfaceOrientationLandscapeLeft UIInterfaceOrientationLandscapeRight";
				LD_RUNPATH_SEARCH_PATHS = (
					"$(inherited)",
					"@executable_path/Frameworks",
				);
				MARKETING_VERSION = 1.0;
				PRODUCT_BUNDLE_IDENTIFIER = "sathish.header-and-footer";
				PRODUCT_NAME = "$(TARGET_NAME)";
				SWIFT_EMIT_LOC_STRINGS = YES;
				SWIFT_VERSION = 5.0;
				TARGETED_DEVICE_FAMILY = "1,2";
			};
			name = Release;
		};
/* End XCBuildConfiguration section */

/* Begin XCConfigurationList section */
		18DC20F52BA1B2B30053DB76 /* Build configuration list for PBXProject "header and footer" */ = {
			isa = XCConfigurationList;
			buildConfigurations = (
				18DC210C2BA1B2B70053DB76 /* Debug */,
				18DC210D2BA1B2B70053DB76 /* Release */,
			);
			defaultConfigurationIsVisible = 0;
			defaultConfigurationName = Release;
		};
		18DC210E2BA1B2B70053DB76 /* Build configuration list for PBXNativeTarget "header and footer" */ = {
			isa = XCConfigurationList;
			buildConfigurations = (
				18DC210F2BA1B2B70053DB76 /* Debug */,
				18DC21102BA1B2B70053DB76 /* Release */,
			);
			defaultConfigurationIsVisible = 0;
			defaultConfigurationName = Release;
		};
/* End XCConfigurationList section */
	};
	rootObject = 18DC20F22BA1B2B30053DB76 /* Project object */;
}
